{
  "name": "calendar_test",
  "lockfileVersion": 3,
  "requires": true,
  "packages": {
    "": {
      "dependencies": {
        "date-easter": "^1.0.3",
        "dayjs": "^1.11.19",
        "ical-generator": "^10.0.0"
      }
    },
    "node_modules/date-easter": {
      "version": "1.0.3",
      "resolved": "https://registry.npmjs.org/date-easter/-/date-easter-1.0.3.tgz",
      "integrity": "sha512-aOViyIgpM4W0OWUiLqivznwTtuMlD/rdUWhc5IatYnplhPiWrLv75cnifaKYhmQwUBLAMWLNG4/9mlLIbXoGBQ==",
      "license": "MIT",
      "engines": {
        "node": ">=12.0.0"
      }
    },
    "node_modules/dayjs": {
      "version": "1.11.19",
      "resolved": "https://registry.npmjs.org/dayjs/-/dayjs-1.11.19.tgz",
      "integrity": "sha512-t5EcLVS6QPBNqM2z8fakk/NKel+Xzshgt8FFKAn+qwlD1pzZWxh0nVCrvFK7ZDb6XucZeF9z8C7CBWTRIVApAw==",
      "license": "MIT"
    },
    "node_modules/ical-generator": {
      "version": "10.0.0",
      "resolved": "https://registry.npmjs.org/ical-generator/-/ical-generator-10.0.0.tgz",
      "integrity": "sha512-YUQ7H4eZdLfYvx3zE/qN4AoG0qqwMZG37vLdWzysXFDn/YQEfctZ9tQuPSBncARKgv79d2smWf5Sh67k6xiZfg==",
      "license": "MIT",
      "engines": {
        "node": "20 || 22 || >=24"
      },
      "peerDependencies": {
        "@touch4it/ical-timezones": ">=1.6.0",
        "@types/luxon": ">= 1.26.0",
        "@types/mocha": ">= 8.2.1",
        "dayjs": ">= 1.10.0",
        "luxon": ">= 1.26.0",
        "moment": ">= 2.29.0",
        "moment-timezone": ">= 0.5.33",
        "rrule": ">= 2.6.8"
      },
      "peerDependenciesMeta": {
        "@touch4it/ical-timezones": {
          "optional": true
        },
        "@types/luxon": {
          "optional": true
        },
        "@types/mocha": {
          "optional": true
        },
        "@types/node": {
          "optional": true
        },
        "dayjs": {
          "optional": true
        },
        "luxon": {
          "optional": true
        },
        "moment": {
          "optional": true
        },
        "moment-timezone": {
          "optional": true
        },
        "rrule": {
          "optional": true
        }
      }
    }
  }
}
